
Microsoft Visual Studio Solution File, Format Version 12.00
# Visual Studio Version 17
VisualStudioVersion = 17.5.33516.290
MinimumVisualStudioVersion = 10.0.40219.1
Project("{FAE04EC0-301F-11D3-BF4B-00C04F79EFBC}") = "laba5", "laba5\laba5.csproj", "{2141CBA3-1FDC-45AB-9B22-C5C0889F22C5}"
EndProject
Global
	GlobalSection(SolutionConfigurationPlatforms) = preSolution
		Debug|Any CPU = Debug|Any CPU
		Release|Any CPU = Release|Any CPU
	EndGlobalSection
	GlobalSection(ProjectConfigurationPlatforms) = postSolution
		{2141CBA3-1FDC-45AB-9B22-C5C0889F22C5}.Debug|Any CPU.ActiveCfg = Debug|Any CPU
		{2141CBA3-1FDC-45AB-9B22-C5C0889F22C5}.Debug|Any CPU.Build.0 = Debug|Any CPU
		{2141CBA3-1FDC-45AB-9B22-C5C0889F22C5}.Release|Any CPU.ActiveCfg = Release|Any CPU
		{2141CBA3-1FDC-45AB-9B22-C5C0889F22C5}.Release|Any CPU.Build.0 = Release|Any CPU
	EndGlobalSection
	GlobalSection(SolutionProperties) = preSolution
		HideSolutionNode = FALSE
	EndGlobalSection
	GlobalSection(ExtensibilityGlobals) = postSolution
		SolutionGuid = {3998F3D7-96DE-4FA8-8F9A-AF919962A73D}
	EndGlobalSection
EndGlobal
